{
  "name": "Openclassrooms_P14_Front-end",
  "lockfileVersion": 3,
  "requires": true,
  "packages": {
    "": {
      "dependencies": {
        "oc_14_modal_gauthier": "^0.1.0"
      }
    },
    "node_modules/oc_14_modal_gauthier": {
      "version": "0.1.0",
      "resolved": "https://registry.npmjs.org/oc_14_modal_gauthier/-/oc_14_modal_gauthier-0.1.0.tgz",
      "integrity": "sha512-DwFdUHXlY0R6pXE6+GUJLYtjsO17Jrx8aOuEmLBHqEP2Ff7uDfFMUWce01KLJ1hDzkTWasNLpvt6SZPr6owQsQ=="
    }
  }
}
